
Microsoft Visual Studio Solution File, Format Version 12.00
# Visual Studio Version 16
VisualStudioVersion = 16.0.29418.71
MinimumVisualStudioVersion = 10.0.40219.1
Project("{9A19103F-16F7-4668-BE54-9A1E7A4F7556}") = "ConvertiAscii", "ConvertiAscii\ConvertiAscii.csproj", "{79B4D596-F601-4CA5-B6FE-58D0125A6832}"
EndProject
Project("{FAE04EC0-301F-11D3-BF4B-00C04F79EFBC}") = "ConvertiAscii_Tests", "ConvertiAscii_Tests\ConvertiAscii_Tests.csproj", "{F571429A-971C-465E-82C8-D585B6A1B81C}"
EndProject
Global
	GlobalSection(SolutionConfigurationPlatforms) = preSolution
		Debug|Any CPU = Debug|Any CPU
		Release|Any CPU = Release|Any CPU
	EndGlobalSection
	GlobalSection(ProjectConfigurationPlatforms) = postSolution
		{79B4D596-F601-4CA5-B6FE-58D0125A6832}.Debug|Any CPU.ActiveCfg = Debug|Any CPU
		{79B4D596-F601-4CA5-B6FE-58D0125A6832}.Debug|Any CPU.Build.0 = Debug|Any CPU
		{79B4D596-F601-4CA5-B6FE-58D0125A6832}.Release|Any CPU.ActiveCfg = Release|Any CPU
		{79B4D596-F601-4CA5-B6FE-58D0125A6832}.Release|Any CPU.Build.0 = Release|Any CPU
		{F571429A-971C-465E-82C8-D585B6A1B81C}.Debug|Any CPU.ActiveCfg = Debug|Any CPU
		{F571429A-971C-465E-82C8-D585B6A1B81C}.Debug|Any CPU.Build.0 = Debug|Any CPU
		{F571429A-971C-465E-82C8-D585B6A1B81C}.Release|Any CPU.ActiveCfg = Release|Any CPU
		{F571429A-971C-465E-82C8-D585B6A1B81C}.Release|Any CPU.Build.0 = Release|Any CPU
	EndGlobalSection
	GlobalSection(SolutionProperties) = preSolution
		HideSolutionNode = FALSE
	EndGlobalSection
	GlobalSection(ExtensibilityGlobals) = postSolution
		SolutionGuid = {F2194D64-4FEC-438F-B3C1-538FBE37CCB0}
	EndGlobalSection
EndGlobal
